
Microsoft Visual Studio Solution File, Format Version 12.00
# Visual Studio Version 16
VisualStudioVersion = 16.0.29209.62
MinimumVisualStudioVersion = 10.0.40219.1
Project("{FAE04EC0-301F-11D3-BF4B-00C04F79EFBC}") = "ejer 2 30.8", "ejer 2 30.8\ejer 2 30.8.csproj", "{DA518E6E-DBDE-43B8-B4A3-42C5B75EF1FA}"
EndProject
Global
	GlobalSection(SolutionConfigurationPlatforms) = preSolution
		Debug|Any CPU = Debug|Any CPU
		Release|Any CPU = Release|Any CPU
	EndGlobalSection
	GlobalSection(ProjectConfigurationPlatforms) = postSolution
		{DA518E6E-DBDE-43B8-B4A3-42C5B75EF1FA}.Debug|Any CPU.ActiveCfg = Debug|Any CPU
		{DA518E6E-DBDE-43B8-B4A3-42C5B75EF1FA}.Debug|Any CPU.Build.0 = Debug|Any CPU
		{DA518E6E-DBDE-43B8-B4A3-42C5B75EF1FA}.Release|Any CPU.ActiveCfg = Release|Any CPU
		{DA518E6E-DBDE-43B8-B4A3-42C5B75EF1FA}.Release|Any CPU.Build.0 = Release|Any CPU
	EndGlobalSection
	GlobalSection(SolutionProperties) = preSolution
		HideSolutionNode = FALSE
	EndGlobalSection
	GlobalSection(ExtensibilityGlobals) = postSolution
		SolutionGuid = {F831669E-68DC-47B1-9F07-BB677E26FF5C}
	EndGlobalSection
EndGlobal
